
Microsoft Visual Studio Solution File, Format Version 12.00
# Visual Studio Version 17
VisualStudioVersion = 17.14.36915.13 d17.14
MinimumVisualStudioVersion = 10.0.40219.1
Project("{FAE04EC0-301F-11D3-BF4B-00C04F79EFBC}") = "FormularioComUnitTest", "FormularioComUnitTest\FormularioComUnitTest.csproj", "{44E1F913-10B3-45C1-B0C4-B14E2F759BB3}"
EndProject
Project("{FAE04EC0-301F-11D3-BF4B-00C04F79EFBC}") = "UnitTestProduto", "UnitTestProduto\UnitTestProduto.csproj", "{0303D661-6EC7-480E-9868-25524FDB8224}"
EndProject
Global
	GlobalSection(SolutionConfigurationPlatforms) = preSolution
		Debug|Any CPU = Debug|Any CPU
		Release|Any CPU = Release|Any CPU
	EndGlobalSection
	GlobalSection(ProjectConfigurationPlatforms) = postSolution
		{44E1F913-10B3-45C1-B0C4-B14E2F759BB3}.Debug|Any CPU.ActiveCfg = Debug|Any CPU
		{44E1F913-10B3-45C1-B0C4-B14E2F759BB3}.Debug|Any CPU.Build.0 = Debug|Any CPU
		{44E1F913-10B3-45C1-B0C4-B14E2F759BB3}.Release|Any CPU.ActiveCfg = Release|Any CPU
		{44E1F913-10B3-45C1-B0C4-B14E2F759BB3}.Release|Any CPU.Build.0 = Release|Any CPU
		{0303D661-6EC7-480E-9868-25524FDB8224}.Debug|Any CPU.ActiveCfg = Debug|Any CPU
		{0303D661-6EC7-480E-9868-25524FDB8224}.Debug|Any CPU.Build.0 = Debug|Any CPU
		{0303D661-6EC7-480E-9868-25524FDB8224}.Release|Any CPU.ActiveCfg = Release|Any CPU
		{0303D661-6EC7-480E-9868-25524FDB8224}.Release|Any CPU.Build.0 = Release|Any CPU
	EndGlobalSection
	GlobalSection(SolutionProperties) = preSolution
		HideSolutionNode = FALSE
	EndGlobalSection
	GlobalSection(ExtensibilityGlobals) = postSolution
		SolutionGuid = {111116EE-3E1A-44A6-9D7F-B6474173CCB8}
	EndGlobalSection
EndGlobal
